
Microsoft Visual Studio Solution File, Format Version 12.00
# Visual Studio 15
VisualStudioVersion = 15.0.28307.1145
MinimumVisualStudioVersion = 10.0.40219.1
Project("{FAE04EC0-301F-11D3-BF4B-00C04F79EFBC}") = "C_Sharp_WebScraper_experiment", "C_Sharp_WebScraper_experiment\C_Sharp_WebScraper_experiment.csproj", "{AB6A928A-EFB2-4190-96ED-44CA7D368FA7}"
EndProject
Global
	GlobalSection(SolutionConfigurationPlatforms) = preSolution
		Debug|Any CPU = Debug|Any CPU
		Release|Any CPU = Release|Any CPU
	EndGlobalSection
	GlobalSection(ProjectConfigurationPlatforms) = postSolution
		{AB6A928A-EFB2-4190-96ED-44CA7D368FA7}.Debug|Any CPU.ActiveCfg = Debug|Any CPU
		{AB6A928A-EFB2-4190-96ED-44CA7D368FA7}.Debug|Any CPU.Build.0 = Debug|Any CPU
		{AB6A928A-EFB2-4190-96ED-44CA7D368FA7}.Release|Any CPU.ActiveCfg = Release|Any CPU
		{AB6A928A-EFB2-4190-96ED-44CA7D368FA7}.Release|Any CPU.Build.0 = Release|Any CPU
	EndGlobalSection
	GlobalSection(SolutionProperties) = preSolution
		HideSolutionNode = FALSE
	EndGlobalSection
	GlobalSection(ExtensibilityGlobals) = postSolution
		SolutionGuid = {96F07F1D-A763-4BDA-B760-35470B453AF8}
	EndGlobalSection
EndGlobal
